// !$*UTF8*$!
{
	archiveVersion = 1;
	classes = {
	};
	objectVersion = 50;
	objects = {

/* Begin PBXBuildFile section */
		ED2B2B79231E3ECA002B9902 /* InstrumentTableViewCell.swift in Sources */ = {isa = PBXBuildFile; fileRef = ED2B2B78231E3ECA002B9902 /* InstrumentTableViewCell.swift */; };
		ED78BD3A233239D4007713E3 /* PDFEditAnnotation.swift in Sources */ = {isa = PBXBuildFile; fileRef = ED78BD39233239D4007713E3 /* PDFEditAnnotation.swift */; };
		EDD033E02316827C007BAB75 /* AppDelegate.swift in Sources */ = {isa = PBXBuildFile; fileRef = EDD033DF2316827C007BAB75 /* AppDelegate.swift */; };
		EDD033E22316827C007BAB75 /* ViewController.swift in Sources */ = {isa = PBXBuildFile; fileRef = EDD033E12316827C007BAB75 /* ViewController.swift */; };
		EDD033E72316827D007BAB75 /* Assets.xcassets in Resources */ = {isa = PBXBuildFile; fileRef = EDD033E62316827D007BAB75 /* Assets.xcassets */; };
		EDD033EA2316827D007BAB75 /* LaunchScreen.storyboard in Resources */ = {isa = PBXBuildFile; fileRef = EDD033E82316827D007BAB75 /* LaunchScreen.storyboard */; };
		EDD033F523168284007BAB75 /* PDFEditView.swift in Sources */ = {isa = PBXBuildFile; fileRef = EDD033F223168284007BAB75 /* PDFEditView.swift */; };
		EDD033F623168284007BAB75 /* DrawConfigurationView.swift in Sources */ = {isa = PBXBuildFile; fileRef = EDD033F323168284007BAB75 /* DrawConfigurationView.swift */; };
		EDD033F723168284007BAB75 /* InstrumentsView.swift in Sources */ = {isa = PBXBuildFile; fileRef = EDD033F423168284007BAB75 /* InstrumentsView.swift */; };
		EDD033FB2316A940007BAB75 /* PDFView+DisableSelection.swift in Sources */ = {isa = PBXBuildFile; fileRef = EDD033FA2316A940007BAB75 /* PDFView+DisableSelection.swift */; };
		EDD033FD2316A9F9007BAB75 /* DrawingGestureRecognizer.swift in Sources */ = {isa = PBXBuildFile; fileRef = EDD033FC2316A9F9007BAB75 /* DrawingGestureRecognizer.swift */; };
		EDD034032316B08D007BAB75 /* PDFAnnotation+RemovePath.swift in Sources */ = {isa = PBXBuildFile; fileRef = EDD034022316B08D007BAB75 /* PDFAnnotation+RemovePath.swift */; };
		EDD03405231905A5007BAB75 /* ColorPickerView.swift in Sources */ = {isa = PBXBuildFile; fileRef = EDD03404231905A5007BAB75 /* ColorPickerView.swift */; };
		EDD03407231D361A007BAB75 /* Theme.swift in Sources */ = {isa = PBXBuildFile; fileRef = EDD03406231D361A007BAB75 /* Theme.swift */; };
/* End PBXBuildFile section */

/* Begin PBXFileReference section */
		ED2B2B78231E3ECA002B9902 /* InstrumentTableViewCell.swift */ = {isa = PBXFileReference; lastKnownFileType = sourcecode.swift; path = InstrumentTableViewCell.swift; sourceTree = "<group>"; };
		ED78BD39233239D4007713E3 /* PDFEditAnnotation.swift */ = {isa = PBXFileReference; lastKnownFileType = sourcecode.swift; path = PDFEditAnnotation.swift; sourceTree = "<group>"; };
		EDD033DC2316827C007BAB75 /* PDFEditor.app */ = {isa = PBXFileReference; explicitFileType = wrapper.application; includeInIndex = 0; path = PDFEditor.app; sourceTree = BUILT_PRODUCTS_DIR; };
		EDD033DF2316827C007BAB75 /* AppDelegate.swift */ = {isa = PBXFileReference; lastKnownFileType = sourcecode.swift; path = AppDelegate.swift; sourceTree = "<group>"; };
		EDD033E12316827C007BAB75 /* ViewController.swift */ = {isa = PBXFileReference; lastKnownFileType = sourcecode.swift; path = ViewController.swift; sourceTree = "<group>"; };
		EDD033E62316827D007BAB75 /* Assets.xcassets */ = {isa = PBXFileReference; lastKnownFileType = folder.assetcatalog; path = Assets.xcassets; sourceTree = "<group>"; };
		EDD033E92316827D007BAB75 /* Base */ = {isa = PBXFileReference; lastKnownFileType = file.storyboard; name = Base; path = Base.lproj/LaunchScreen.storyboard; sourceTree = "<group>"; };
		EDD033EB2316827D007BAB75 /* Info.plist */ = {isa = PBXFileReference; lastKnownFileType = text.plist.xml; path = Info.plist; sourceTree = "<group>"; };
		EDD033F223168284007BAB75 /* PDFEditView.swift */ = {isa = PBXFileReference; fileEncoding = 4; lastKnownFileType = sourcecode.swift; path = PDFEditView.swift; sourceTree = "<group>"; };
		EDD033F323168284007BAB75 /* DrawConfigurationView.swift */ = {isa = PBXFileReference; fileEncoding = 4; lastKnownFileType = sourcecode.swift; path = DrawConfigurationView.swift; sourceTree = "<group>"; };
		EDD033F423168284007BAB75 /* InstrumentsView.swift */ = {isa = PBXFileReference; fileEncoding = 4; lastKnownFileType = sourcecode.swift; path = InstrumentsView.swift; sourceTree = "<group>"; };
		EDD033FA2316A940007BAB75 /* PDFView+DisableSelection.swift */ = {isa = PBXFileReference; lastKnownFileType = sourcecode.swift; path = "PDFView+DisableSelection.swift"; sourceTree = "<group>"; };
		EDD033FC2316A9F9007BAB75 /* DrawingGestureRecognizer.swift */ = {isa = PBXFileReference; fileEncoding = 4; lastKnownFileType = sourcecode.swift; path = DrawingGestureRecognizer.swift; sourceTree = "<group>"; };
		EDD034022316B08D007BAB75 /* PDFAnnotation+RemovePath.swift */ = {isa = PBXFileReference; fileEncoding = 4; lastKnownFileType = sourcecode.swift; path = "PDFAnnotation+RemovePath.swift"; sourceTree = "<group>"; };
		EDD03404231905A5007BAB75 /* ColorPickerView.swift */ = {isa = PBXFileReference; lastKnownFileType = sourcecode.swift; path = ColorPickerView.swift; sourceTree = "<group>"; };
		EDD03406231D361A007BAB75 /* Theme.swift */ = {isa = PBXFileReference; fileEncoding = 4; lastKnownFileType = sourcecode.swift; path = Theme.swift; sourceTree = "<group>"; };
/* End PBXFileReference section */

/* Begin PBXFrameworksBuildPhase section */
		EDD033D92316827C007BAB75 /* Frameworks */ = {
			isa = PBXFrameworksBuildPhase;
			buildActionMask = 2147483647;
			files = (
			);
			runOnlyForDeploymentPostprocessing = 0;
		};
/* End PBXFrameworksBuildPhase section */

/* Begin PBXGroup section */
		EDD033D32316827C007BAB75 = {
			isa = PBXGroup;
			children = (
				EDD033DE2316827C007BAB75 /* PDFEditor */,
				EDD033DD2316827C007BAB75 /* Products */,
			);
			sourceTree = "<group>";
		};
		EDD033DD2316827C007BAB75 /* Products */ = {
			isa = PBXGroup;
			children = (
				EDD033DC2316827C007BAB75 /* PDFEditor.app */,
			);
			name = Products;
			sourceTree = "<group>";
		};
		EDD033DE2316827C007BAB75 /* PDFEditor */ = {
			isa = PBXGroup;
			children = (
				EDD03406231D361A007BAB75 /* Theme.swift */,
				EDD033F123168284007BAB75 /* View */,
				EDD033DF2316827C007BAB75 /* AppDelegate.swift */,
				EDD033E12316827C007BAB75 /* ViewController.swift */,
				EDD033E62316827D007BAB75 /* Assets.xcassets */,
				EDD033E82316827D007BAB75 /* LaunchScreen.storyboard */,
				EDD033EB2316827D007BAB75 /* Info.plist */,
			);
			path = PDFEditor;
			sourceTree = "<group>";
		};
		EDD033F123168284007BAB75 /* View */ = {
			isa = PBXGroup;
			children = (
				EDD033F223168284007BAB75 /* PDFEditView.swift */,
				EDD033F423168284007BAB75 /* InstrumentsView.swift */,
				ED2B2B78231E3ECA002B9902 /* InstrumentTableViewCell.swift */,
				EDD033F323168284007BAB75 /* DrawConfigurationView.swift */,
				EDD03404231905A5007BAB75 /* ColorPickerView.swift */,
				EDD033FC2316A9F9007BAB75 /* DrawingGestureRecognizer.swift */,
				EDD033FA2316A940007BAB75 /* PDFView+DisableSelection.swift */,
				EDD034022316B08D007BAB75 /* PDFAnnotation+RemovePath.swift */,
				ED78BD39233239D4007713E3 /* PDFEditAnnotation.swift */,
			);
			path = View;
			sourceTree = "<group>";
		};
/* End PBXGroup section */

/* Begin PBXNativeTarget section */
		EDD033DB2316827C007BAB75 /* PDFEditor */ = {
			isa = PBXNativeTarget;
			buildConfigurationList = EDD033EE2316827D007BAB75 /* Build configuration list for PBXNativeTarget "PDFEditor" */;
			buildPhases = (
				EDD033D82316827C007BAB75 /* Sources */,
				EDD033D92316827C007BAB75 /* Frameworks */,
				EDD033DA2316827C007BAB75 /* Resources */,
			);
			buildRules = (
			);
			dependencies = (
			);
			name = PDFEditor;
			productName = PDFEditor;
			productReference = EDD033DC2316827C007BAB75 /* PDFEditor.app */;
			productType = "com.apple.product-type.application";
		};
/* End PBXNativeTarget section */

/* Begin PBXProject section */
		EDD033D42316827C007BAB75 /* Project object */ = {
			isa = PBXProject;
			attributes = {
				LastSwiftUpdateCheck = 1030;
				LastUpgradeCheck = 1030;
				ORGANIZATIONNAME = "Кирилл";
				TargetAttributes = {
					EDD033DB2316827C007BAB75 = {
						CreatedOnToolsVersion = 10.3;
					};
				};
			};
			buildConfigurationList = EDD033D72316827C007BAB75 /* Build configuration list for PBXProject "PDFEditor" */;
			compatibilityVersion = "Xcode 9.3";
			developmentRegion = en;
			hasScannedForEncodings = 0;
			knownRegions = (
				en,
				Base,
			);
			mainGroup = EDD033D32316827C007BAB75;
			productRefGroup = EDD033DD2316827C007BAB75 /* Products */;
			projectDirPath = "";
			projectRoot = "";
			targets = (
				EDD033DB2316827C007BAB75 /* PDFEditor */,
			);
		};
/* End PBXProject section */

/* Begin PBXResourcesBuildPhase section */
		EDD033DA2316827C007BAB75 /* Resources */ = {
			isa = PBXResourcesBuildPhase;
			buildActionMask = 2147483647;
			files = (
				EDD033EA2316827D007BAB75 /* LaunchScreen.storyboard in Resources */,
				EDD033E72316827D007BAB75 /* Assets.xcassets in Resources */,
			);
			runOnlyForDeploymentPostprocessing = 0;
		};
/* End PBXResourcesBuildPhase section */

/* Begin PBXSourcesBuildPhase section */
		EDD033D82316827C007BAB75 /* Sources */ = {
			isa = PBXSourcesBuildPhase;
			buildActionMask = 2147483647;
			files = (
				EDD033F723168284007BAB75 /* InstrumentsView.swift in Sources */,
				ED78BD3A233239D4007713E3 /* PDFEditAnnotation.swift in Sources */,
				EDD034032316B08D007BAB75 /* PDFAnnotation+RemovePath.swift in Sources */,
				EDD033F523168284007BAB75 /* PDFEditView.swift in Sources */,
				EDD033E22316827C007BAB75 /* ViewController.swift in Sources */,
				EDD033FD2316A9F9007BAB75 /* DrawingGestureRecognizer.swift in Sources */,
				EDD03405231905A5007BAB75 /* ColorPickerView.swift in Sources */,
				ED2B2B79231E3ECA002B9902 /* InstrumentTableViewCell.swift in Sources */,
				EDD033F623168284007BAB75 /* DrawConfigurationView.swift in Sources */,
				EDD03407231D361A007BAB75 /* Theme.swift in Sources */,
				EDD033E02316827C007BAB75 /* AppDelegate.swift in Sources */,
				EDD033FB2316A940007BAB75 /* PDFView+DisableSelection.swift in Sources */,
			);
			runOnlyForDeploymentPostprocessing = 0;
		};
/* End PBXSourcesBuildPhase section */

/* Begin PBXVariantGroup section */
		EDD033E82316827D007BAB75 /* LaunchScreen.storyboard */ = {
			isa = PBXVariantGroup;
			children = (
				EDD033E92316827D007BAB75 /* Base */,
			);
			name = LaunchScreen.storyboard;
			sourceTree = "<group>";
		};
/* End PBXVariantGroup section */

/* Begin XCBuildConfiguration section */
		EDD033EC2316827D007BAB75 /* Debug */ = {
			isa = XCBuildConfiguration;
			buildSettings = {
				ALWAYS_SEARCH_USER_PATHS = NO;
				CLANG_ANALYZER_NONNULL = YES;
				CLANG_ANALYZER_NUMBER_OBJECT_CONVERSION = YES_AGGRESSIVE;
				CLANG_CXX_LANGUAGE_STANDARD = "gnu++14";
				CLANG_CXX_LIBRARY = "libc++";
				CLANG_ENABLE_MODULES = YES;
				CLANG_ENABLE_OBJC_ARC = YES;
				CLANG_ENABLE_OBJC_WEAK = YES;
				CLANG_WARN_BLOCK_CAPTURE_AUTORELEASING = YES;
				CLANG_WARN_BOOL_CONVERSION = YES;
				CLANG_WARN_COMMA = YES;
				CLANG_WARN_CONSTANT_CONVERSION = YES;
				CLANG_WARN_DEPRECATED_OBJC_IMPLEMENTATIONS = YES;
				CLANG_WARN_DIRECT_OBJC_ISA_USAGE = YES_ERROR;
				CLANG_WARN_DOCUMENTATION_COMMENTS = YES;
				CLANG_WARN_EMPTY_BODY = YES;
				CLANG_WARN_ENUM_CONVERSION = YES;
				CLANG_WARN_INFINITE_RECURSION = YES;
				CLANG_WARN_INT_CONVERSION = YES;
				CLANG_WARN_NON_LITERAL_NULL_CONVERSION = YES;
				CLANG_WARN_OBJC_IMPLICIT_RETAIN_SELF = YES;
				CLANG_WARN_OBJC_LITERAL_CONVERSION = YES;
				CLANG_WARN_OBJC_ROOT_CLASS = YES_ERROR;
				CLANG_WARN_RANGE_LOOP_ANALYSIS = YES;
				CLANG_WARN_STRICT_PROTOTYPES = YES;
				CLANG_WARN_SUSPICIOUS_MOVE = YES;
				CLANG_WARN_UNGUARDED_AVAILABILITY = YES_AGGRESSIVE;
				CLANG_WARN_UNREACHABLE_CODE = YES;
				CLANG_WARN__DUPLICATE_METHOD_MATCH = YES;
				CODE_SIGN_IDENTITY = "iPhone Developer";
				COPY_PHASE_STRIP = NO;
				DEBUG_INFORMATION_FORMAT = dwarf;
				ENABLE_STRICT_OBJC_MSGSEND = YES;
				ENABLE_TESTABILITY = YES;
				GCC_C_LANGUAGE_STANDARD = gnu11;
				GCC_DYNAMIC_NO_PIC = NO;
				GCC_NO_COMMON_BLOCKS = YES;
				GCC_OPTIMIZATION_LEVEL = 0;
				GCC_PREPROCESSOR_DEFINITIONS = (
					"DEBUG=1",
					"$(inherited)",
				);
				GCC_WARN_64_TO_32_BIT_CONVERSION = YES;
				GCC_WARN_ABOUT_RETURN_TYPE = YES_ERROR;
				GCC_WARN_UNDECLARED_SELECTOR = YES;
				GCC_WARN_UNINITIALIZED_AUTOS = YES_AGGRESSIVE;
				GCC_WARN_UNUSED_FUNCTION = YES;
				GCC_WARN_UNUSED_VARIABLE = YES;
				IPHONEOS_DEPLOYMENT_TARGET = 12.4;
				MTL_ENABLE_DEBUG_INFO = INCLUDE_SOURCE;
				MTL_FAST_MATH = YES;
				ONLY_ACTIVE_ARCH = YES;
				SDKROOT = iphoneos;
				SWIFT_ACTIVE_COMPILATION_CONDITIONS = DEBUG;
				SWIFT_OPTIMIZATION_LEVEL = "-Onone";
			};
			name = Debug;
		};
		EDD033ED2316827D007BAB75 /* Release */ = {
			isa = XCBuildConfiguration;
			buildSettings = {
				ALWAYS_SEARCH_USER_PATHS = NO;
				CLANG_ANALYZER_NONNULL = YES;
				CLANG_ANALYZER_NUMBER_OBJECT_CONVERSION = YES_AGGRESSIVE;
				CLANG_CXX_LANGUAGE_STANDARD = "gnu++14";
				CLANG_CXX_LIBRARY = "libc++";
				CLANG_ENABLE_MODULES = YES;
				CLANG_ENABLE_OBJC_ARC = YES;
				CLANG_ENABLE_OBJC_WEAK = YES;
				CLANG_WARN_BLOCK_CAPTURE_AUTORELEASING = YES;
				CLANG_WARN_BOOL_CONVERSION = YES;
				CLANG_WARN_COMMA = YES;
				CLANG_WARN_CONSTANT_CONVERSION = YES;
				CLANG_WARN_DEPRECATED_OBJC_IMPLEMENTATIONS = YES;
				CLANG_WARN_DIRECT_OBJC_ISA_USAGE = YES_ERROR;
				CLANG_WARN_DOCUMENTATION_COMMENTS = YES;
				CLANG_WARN_EMPTY_BODY = YES;
				CLANG_WARN_ENUM_CONVERSION = YES;
				CLANG_WARN_INFINITE_RECURSION = YES;
				CLANG_WARN_INT_CONVERSION = YES;
				CLANG_WARN_NON_LITERAL_NULL_CONVERSION = YES;
				CLANG_WARN_OBJC_IMPLICIT_RETAIN_SELF = YES;
				CLANG_WARN_OBJC_LITERAL_CONVERSION = YES;
				CLANG_WARN_OBJC_ROOT_CLASS = YES_ERROR;
				CLANG_WARN_RANGE_LOOP_ANALYSIS = YES;
				CLANG_WARN_STRICT_PROTOTYPES = YES;
				CLANG_WARN_SUSPICIOUS_MOVE = YES;
				CLANG_WARN_UNGUARDED_AVAILABILITY = YES_AGGRESSIVE;
				CLANG_WARN_UNREACHABLE_CODE = YES;
				CLANG_WARN__DUPLICATE_METHOD_MATCH = YES;
				CODE_SIGN_IDENTITY = "iPhone Developer";
				COPY_PHASE_STRIP = NO;
				DEBUG_INFORMATION_FORMAT = "dwarf-with-dsym";
				ENABLE_NS_ASSERTIONS = NO;
				ENABLE_STRICT_OBJC_MSGSEND = YES;
				GCC_C_LANGUAGE_STANDARD = gnu11;
				GCC_NO_COMMON_BLOCKS = YES;
				GCC_WARN_64_TO_32_BIT_CONVERSION = YES;
				GCC_WARN_ABOUT_RETURN_TYPE = YES_ERROR;
				GCC_WARN_UNDECLARED_SELECTOR = YES;
				GCC_WARN_UNINITIALIZED_AUTOS = YES_AGGRESSIVE;
				GCC_WARN_UNUSED_FUNCTION = YES;
				GCC_WARN_UNUSED_VARIABLE = YES;
				IPHONEOS_DEPLOYMENT_TARGET = 12.4;
				MTL_ENABLE_DEBUG_INFO = NO;
				MTL_FAST_MATH = YES;
				SDKROOT = iphoneos;
				SWIFT_COMPILATION_MODE = wholemodule;
				SWIFT_OPTIMIZATION_LEVEL = "-O";
				VALIDATE_PRODUCT = YES;
			};
			name = Release;
		};
		EDD033EF2316827D007BAB75 /* Debug */ = {
			isa = XCBuildConfiguration;
			buildSettings = {
				ASSETCATALOG_COMPILER_APPICON_NAME = AppIcon;
				CODE_SIGN_STYLE = Manual;
				DEVELOPMENT_TEAM = 35WX7RQ5M8;
				INFOPLIST_FILE = PDFEditor/Info.plist;
				IPHONEOS_DEPLOYMENT_TARGET = 11.0;
				LD_RUNPATH_SEARCH_PATHS = (
					"$(inherited)",
					"@executable_path/Frameworks",
				);
				PRODUCT_BUNDLE_IDENTIFIER = ru.baccasoft.PDFEditor;
				PRODUCT_NAME = "$(TARGET_NAME)";
				PROVISIONING_PROFILE_SPECIFIER = IosWildcardDev;
				SWIFT_VERSION = 5.0;
				TARGETED_DEVICE_FAMILY = "1,2";
			};
			name = Debug;
		};
		EDD033F02316827D007BAB75 /* Release */ = {
			isa = XCBuildConfiguration;
			buildSettings = {
				ASSETCATALOG_COMPILER_APPICON_NAME = AppIcon;
				CODE_SIGN_IDENTITY = "iPhone Distribution";
				CODE_SIGN_STYLE = Manual;
				DEVELOPMENT_TEAM = 35WX7RQ5M8;
				INFOPLIST_FILE = PDFEditor/Info.plist;
				IPHONEOS_DEPLOYMENT_TARGET = 11.0;
				LD_RUNPATH_SEARCH_PATHS = (
					"$(inherited)",
					"@executable_path/Frameworks",
				);
				PRODUCT_BUNDLE_IDENTIFIER = ru.baccasoft.PDFEditor;
				PRODUCT_NAME = "$(TARGET_NAME)";
				PROVISIONING_PROFILE_SPECIFIER = MosInDevInHouse;
				SWIFT_VERSION = 5.0;
				TARGETED_DEVICE_FAMILY = "1,2";
			};
			name = Release;
		};
/* End XCBuildConfiguration section */

/* Begin XCConfigurationList section */
		EDD033D72316827C007BAB75 /* Build configuration list for PBXProject "PDFEditor" */ = {
			isa = XCConfigurationList;
			buildConfigurations = (
				EDD033EC2316827D007BAB75 /* Debug */,
				EDD033ED2316827D007BAB75 /* Release */,
			);
			defaultConfigurationIsVisible = 0;
			defaultConfigurationName = Release;
		};
		EDD033EE2316827D007BAB75 /* Build configuration list for PBXNativeTarget "PDFEditor" */ = {
			isa = XCConfigurationList;
			buildConfigurations = (
				EDD033EF2316827D007BAB75 /* Debug */,
				EDD033F02316827D007BAB75 /* Release */,
			);
			defaultConfigurationIsVisible = 0;
			defaultConfigurationName = Release;
		};
/* End XCConfigurationList section */
	};
	rootObject = EDD033D42316827C007BAB75 /* Project object */;
}
