PODS:
  - PDFEditor (0.0.1)

DEPENDENCIES:
  - "PDFEditor (from `git@github.com:cmuphobk/PdfEditor.git`)"

EXTERNAL SOURCES:
  PDFEditor:
    :git: "git@github.com:cmuphobk/PdfEditor.git"

CHECKOUT OPTIONS:
  PDFEditor:
    :commit: b6fa98c95313d1a47fd41ae35211da639a75b855
    :git: "git@github.com:cmuphobk/PdfEditor.git"

SPEC CHECKSUMS:
  PDFEditor: 4c1af82d5954292d2cd28b62e4628bd8d08a7c8d

PODFILE CHECKSUM: 9258c75307bf5b56c66671ba05f34c7fa0779894

COCOAPODS: 1.8.4
